schema: '2.0'
stages:
  preprocess:
    cmd: python src/data/preprocess.py
    deps:
    - path: data/raw/spam.csv
      hash: md5
      md5: 20ab2bcc512e70adc6e7b29afb490dec
      size: 839
    - path: src/data/preprocess.py
      hash: md5
      md5: 89b723b5f8eab79847ee309185e25e0c
      size: 706
    outs:
    - path: data/processed/clean_spam.csv
      hash: md5
      md5: 8935d8fb79c95c08ebca06fe9f4ec8c8
      size: 827
  train:
    cmd: python src/training/train_model.py
    deps:
    - path: data/processed/clean_spam.csv
      hash: md5
      md5: 8935d8fb79c95c08ebca06fe9f4ec8c8
      size: 827
    - path: src/training/train_model.py
      hash: md5
      md5: bc10c418dac737b063ccdbf783a069d9
      size: 1547
    outs:
    - path: models/spam_model.pkl
      hash: md5
      md5: cfe7c67b290bd40e6167fef524869945
      size: 4389
